
Microsoft Visual Studio Solution File, Format Version 12.00
# Visual Studio Version 17
VisualStudioVersion = 17.14.37012.4
MinimumVisualStudioVersion = 10.0.40219.1
Project("{8BC9CEB8-8B4A-11D0-8D11-00A0C91BC942}") = "예제 3-10", "예제 3-10\예제 3-10.vcxproj", "{194B867E-5187-4EAA-BBE2-64AE4EA7B87E}"
EndProject
Project("{8BC9CEB8-8B4A-11D0-8D11-00A0C91BC942}") = "Open Challenge 지수 표현 클래스 만들기", "Open Challenge 지수 표현 클래스 만들기\Open Challenge 지수 표현 클래스 만들기.vcxproj", "{6A65B79A-A667-4303-9402-559256016964}"
EndProject
Project("{8BC9CEB8-8B4A-11D0-8D11-00A0C91BC942}") = "실습문제 3-1", "실습문제 3-1\실습문제 3-1.vcxproj", "{FAAD164A-F1E7-4EB2-B33A-4EC1A13E14CD}"
EndProject
Project("{8BC9CEB8-8B4A-11D0-8D11-00A0C91BC942}") = "실습문제 3-2", "실습문제 3-2\실습문제 3-2.vcxproj", "{31C664C7-8949-486C-BE47-B432FB49E382}"
EndProject
Project("{8BC9CEB8-8B4A-11D0-8D11-00A0C91BC942}") = "실습문제 3-3", "실습문제 3-3\실습문제 3-3.vcxproj", "{51B7AE9E-86A4-4847-9D9A-759C0AD6CEF4}"
EndProject
Project("{8BC9CEB8-8B4A-11D0-8D11-00A0C91BC942}") = "실습문제 3-4", "실습문제 3-4\실습문제 3-4.vcxproj", "{5016C9EC-436D-4AA2-B0BE-5C55423A1200}"
EndProject
Project("{8BC9CEB8-8B4A-11D0-8D11-00A0C91BC942}") = "실습문제 3-5", "실습문제 3-5\실습문제 3-5.vcxproj", "{D796A1AD-725A-4256-92A4-30A442ACC745}"
EndProject
Project("{8BC9CEB8-8B4A-11D0-8D11-00A0C91BC942}") = "실습문제 3-6", "실습문제 3-6\실습문제 3-6.vcxproj", "{619D6A6B-3B3C-47A0-97E1-EC1428DBD0DB}"
EndProject
Project("{8BC9CEB8-8B4A-11D0-8D11-00A0C91BC942}") = "실습문제 3-7", "실습문제 3-7\실습문제 3-7.vcxproj", "{3DEEC91C-8352-43AF-9989-AA8040DF47CE}"
EndProject
Project("{8BC9CEB8-8B4A-11D0-8D11-00A0C91BC942}") = "실습문제 3-8", "실습문제 3-8\실습문제 3-8.vcxproj", "{3F5FE73F-D665-4C80-8A34-F98993D357AF}"
EndProject
Project("{8BC9CEB8-8B4A-11D0-8D11-00A0C91BC942}") = "실습문제 3-9", "실습문제 3-9\실습문제 3-9.vcxproj", "{2833D985-844C-4398-AA7D-0D7BB37E0B52}"
EndProject
Project("{8BC9CEB8-8B4A-11D0-8D11-00A0C91BC942}") = "실습문제 3-10", "실습문제 3-10\실습문제 3-10.vcxproj", "{C766885A-5878-4CBB-AB4E-AA7C973208ED}"
EndProject
Project("{8BC9CEB8-8B4A-11D0-8D11-00A0C91BC942}") = "실습문제 3-11", "실습문제 3-11\실습문제 3-11.vcxproj", "{186B32C0-631C-46EE-A751-C1D68ECAA9DE}"
EndProject
Project("{8BC9CEB8-8B4A-11D0-8D11-00A0C91BC942}") = "실습문제 3-12", "실습문제 3-12\실습문제 3-12.vcxproj", "{4CF2B640-6586-4328-B1D8-F87A54EE5B28}"
EndProject
Global
	GlobalSection(SolutionConfigurationPlatforms) = preSolution
		Debug|x64 = Debug|x64
		Debug|x86 = Debug|x86
		Release|x64 = Release|x64
		Release|x86 = Release|x86
	EndGlobalSection
	GlobalSection(ProjectConfigurationPlatforms) = postSolution
		{194B867E-5187-4EAA-BBE2-64AE4EA7B87E}.Debug|x64.ActiveCfg = Debug|x64
		{194B867E-5187-4EAA-BBE2-64AE4EA7B87E}.Debug|x64.Build.0 = Debug|x64
		{194B867E-5187-4EAA-BBE2-64AE4EA7B87E}.Debug|x86.ActiveCfg = Debug|Win32
		{194B867E-5187-4EAA-BBE2-64AE4EA7B87E}.Debug|x86.Build.0 = Debug|Win32
		{194B867E-5187-4EAA-BBE2-64AE4EA7B87E}.Release|x64.ActiveCfg = Release|x64
		{194B867E-5187-4EAA-BBE2-64AE4EA7B87E}.Release|x64.Build.0 = Release|x64
		{194B867E-5187-4EAA-BBE2-64AE4EA7B87E}.Release|x86.ActiveCfg = Release|Win32
		{194B867E-5187-4EAA-BBE2-64AE4EA7B87E}.Release|x86.Build.0 = Release|Win32
		{6A65B79A-A667-4303-9402-559256016964}.Debug|x64.ActiveCfg = Debug|x64
		{6A65B79A-A667-4303-9402-559256016964}.Debug|x64.Build.0 = Debug|x64
		{6A65B79A-A667-4303-9402-559256016964}.Debug|x86.ActiveCfg = Debug|Win32
		{6A65B79A-A667-4303-9402-559256016964}.Debug|x86.Build.0 = Debug|Win32
		{6A65B79A-A667-4303-9402-559256016964}.Release|x64.ActiveCfg = Release|x64
		{6A65B79A-A667-4303-9402-559256016964}.Release|x64.Build.0 = Release|x64
		{6A65B79A-A667-4303-9402-559256016964}.Release|x86.ActiveCfg = Release|Win32
		{6A65B79A-A667-4303-9402-559256016964}.Release|x86.Build.0 = Release|Win32
		{FAAD164A-F1E7-4EB2-B33A-4EC1A13E14CD}.Debug|x64.ActiveCfg = Debug|x64
		{FAAD164A-F1E7-4EB2-B33A-4EC1A13E14CD}.Debug|x64.Build.0 = Debug|x64
		{FAAD164A-F1E7-4EB2-B33A-4EC1A13E14CD}.Debug|x86.ActiveCfg = Debug|Win32
		{FAAD164A-F1E7-4EB2-B33A-4EC1A13E14CD}.Debug|x86.Build.0 = Debug|Win32
		{FAAD164A-F1E7-4EB2-B33A-4EC1A13E14CD}.Release|x64.ActiveCfg = Release|x64
		{FAAD164A-F1E7-4EB2-B33A-4EC1A13E14CD}.Release|x64.Build.0 = Release|x64
		{FAAD164A-F1E7-4EB2-B33A-4EC1A13E14CD}.Release|x86.ActiveCfg = Release|Win32
		{FAAD164A-F1E7-4EB2-B33A-4EC1A13E14CD}.Release|x86.Build.0 = Release|Win32
		{31C664C7-8949-486C-BE47-B432FB49E382}.Debug|x64.ActiveCfg = Debug|x64
		{31C664C7-8949-486C-BE47-B432FB49E382}.Debug|x64.Build.0 = Debug|x64
		{31C664C7-8949-486C-BE47-B432FB49E382}.Debug|x86.ActiveCfg = Debug|Win32
		{31C664C7-8949-486C-BE47-B432FB49E382}.Debug|x86.Build.0 = Debug|Win32
		{31C664C7-8949-486C-BE47-B432FB49E382}.Release|x64.ActiveCfg = Release|x64
		{31C664C7-8949-486C-BE47-B432FB49E382}.Release|x64.Build.0 = Release|x64
		{31C664C7-8949-486C-BE47-B432FB49E382}.Release|x86.ActiveCfg = Release|Win32
		{31C664C7-8949-486C-BE47-B432FB49E382}.Release|x86.Build.0 = Release|Win32
		{51B7AE9E-86A4-4847-9D9A-759C0AD6CEF4}.Debug|x64.ActiveCfg = Debug|x64
		{51B7AE9E-86A4-4847-9D9A-759C0AD6CEF4}.Debug|x64.Build.0 = Debug|x64
		{51B7AE9E-86A4-4847-9D9A-759C0AD6CEF4}.Debug|x86.ActiveCfg = Debug|Win32
		{51B7AE9E-86A4-4847-9D9A-759C0AD6CEF4}.Debug|x86.Build.0 = Debug|Win32
		{51B7AE9E-86A4-4847-9D9A-759C0AD6CEF4}.Release|x64.ActiveCfg = Release|x64
		{51B7AE9E-86A4-4847-9D9A-759C0AD6CEF4}.Release|x64.Build.0 = Release|x64
		{51B7AE9E-86A4-4847-9D9A-759C0AD6CEF4}.Release|x86.ActiveCfg = Release|Win32
		{51B7AE9E-86A4-4847-9D9A-759C0AD6CEF4}.Release|x86.Build.0 = Release|Win32
		{5016C9EC-436D-4AA2-B0BE-5C55423A1200}.Debug|x64.ActiveCfg = Debug|x64
		{5016C9EC-436D-4AA2-B0BE-5C55423A1200}.Debug|x64.Build.0 = Debug|x64
		{5016C9EC-436D-4AA2-B0BE-5C55423A1200}.Debug|x86.ActiveCfg = Debug|Win32
		{5016C9EC-436D-4AA2-B0BE-5C55423A1200}.Debug|x86.Build.0 = Debug|Win32
		{5016C9EC-436D-4AA2-B0BE-5C55423A1200}.Release|x64.ActiveCfg = Release|x64
		{5016C9EC-436D-4AA2-B0BE-5C55423A1200}.Release|x64.Build.0 = Release|x64
		{5016C9EC-436D-4AA2-B0BE-5C55423A1200}.Release|x86.ActiveCfg = Release|Win32
		{5016C9EC-436D-4AA2-B0BE-5C55423A1200}.Release|x86.Build.0 = Release|Win32
		{D796A1AD-725A-4256-92A4-30A442ACC745}.Debug|x64.ActiveCfg = Debug|x64
		{D796A1AD-725A-4256-92A4-30A442ACC745}.Debug|x64.Build.0 = Debug|x64
		{D796A1AD-725A-4256-92A4-30A442ACC745}.Debug|x86.ActiveCfg = Debug|Win32
		{D796A1AD-725A-4256-92A4-30A442ACC745}.Debug|x86.Build.0 = Debug|Win32
		{D796A1AD-725A-4256-92A4-30A442ACC745}.Release|x64.ActiveCfg = Release|x64
		{D796A1AD-725A-4256-92A4-30A442ACC745}.Release|x64.Build.0 = Release|x64
		{D796A1AD-725A-4256-92A4-30A442ACC745}.Release|x86.ActiveCfg = Release|Win32
		{D796A1AD-725A-4256-92A4-30A442ACC745}.Release|x86.Build.0 = Release|Win32
		{619D6A6B-3B3C-47A0-97E1-EC1428DBD0DB}.Debug|x64.ActiveCfg = Debug|x64
		{619D6A6B-3B3C-47A0-97E1-EC1428DBD0DB}.Debug|x64.Build.0 = Debug|x64
		{619D6A6B-3B3C-47A0-97E1-EC1428DBD0DB}.Debug|x86.ActiveCfg = Debug|Win32
		{619D6A6B-3B3C-47A0-97E1-EC1428DBD0DB}.Debug|x86.Build.0 = Debug|Win32
		{619D6A6B-3B3C-47A0-97E1-EC1428DBD0DB}.Release|x64.ActiveCfg = Release|x64
		{619D6A6B-3B3C-47A0-97E1-EC1428DBD0DB}.Release|x64.Build.0 = Release|x64
		{619D6A6B-3B3C-47A0-97E1-EC1428DBD0DB}.Release|x86.ActiveCfg = Release|Win32
		{619D6A6B-3B3C-47A0-97E1-EC1428DBD0DB}.Release|x86.Build.0 = Release|Win32
		{3DEEC91C-8352-43AF-9989-AA8040DF47CE}.Debug|x64.ActiveCfg = Debug|x64
		{3DEEC91C-8352-43AF-9989-AA8040DF47CE}.Debug|x64.Build.0 = Debug|x64
		{3DEEC91C-8352-43AF-9989-AA8040DF47CE}.Debug|x86.ActiveCfg = Debug|Win32
		{3DEEC91C-8352-43AF-9989-AA8040DF47CE}.Debug|x86.Build.0 = Debug|Win32
		{3DEEC91C-8352-43AF-9989-AA8040DF47CE}.Release|x64.ActiveCfg = Release|x64
		{3DEEC91C-8352-43AF-9989-AA8040DF47CE}.Release|x64.Build.0 = Release|x64
		{3DEEC91C-8352-43AF-9989-AA8040DF47CE}.Release|x86.ActiveCfg = Release|Win32
		{3DEEC91C-8352-43AF-9989-AA8040DF47CE}.Release|x86.Build.0 = Release|Win32
		{3F5FE73F-D665-4C80-8A34-F98993D357AF}.Debug|x64.ActiveCfg = Debug|x64
		{3F5FE73F-D665-4C80-8A34-F98993D357AF}.Debug|x64.Build.0 = Debug|x64
		{3F5FE73F-D665-4C80-8A34-F98993D357AF}.Debug|x86.ActiveCfg = Debug|Win32
		{3F5FE73F-D665-4C80-8A34-F98993D357AF}.Debug|x86.Build.0 = Debug|Win32
		{3F5FE73F-D665-4C80-8A34-F98993D357AF}.Release|x64.ActiveCfg = Release|x64
		{3F5FE73F-D665-4C80-8A34-F98993D357AF}.Release|x64.Build.0 = Release|x64
		{3F5FE73F-D665-4C80-8A34-F98993D357AF}.Release|x86.ActiveCfg = Release|Win32
		{3F5FE73F-D665-4C80-8A34-F98993D357AF}.Release|x86.Build.0 = Release|Win32
		{2833D985-844C-4398-AA7D-0D7BB37E0B52}.Debug|x64.ActiveCfg = Debug|x64
		{2833D985-844C-4398-AA7D-0D7BB37E0B52}.Debug|x64.Build.0 = Debug|x64
		{2833D985-844C-4398-AA7D-0D7BB37E0B52}.Debug|x86.ActiveCfg = Debug|Win32
		{2833D985-844C-4398-AA7D-0D7BB37E0B52}.Debug|x86.Build.0 = Debug|Win32
		{2833D985-844C-4398-AA7D-0D7BB37E0B52}.Release|x64.ActiveCfg = Release|x64
		{2833D985-844C-4398-AA7D-0D7BB37E0B52}.Release|x64.Build.0 = Release|x64
		{2833D985-844C-4398-AA7D-0D7BB37E0B52}.Release|x86.ActiveCfg = Release|Win32
		{2833D985-844C-4398-AA7D-0D7BB37E0B52}.Release|x86.Build.0 = Release|Win32
		{C766885A-5878-4CBB-AB4E-AA7C973208ED}.Debug|x64.ActiveCfg = Debug|x64
		{C766885A-5878-4CBB-AB4E-AA7C973208ED}.Debug|x64.Build.0 = Debug|x64
		{C766885A-5878-4CBB-AB4E-AA7C973208ED}.Debug|x86.ActiveCfg = Debug|Win32
		{C766885A-5878-4CBB-AB4E-AA7C973208ED}.Debug|x86.Build.0 = Debug|Win32
		{C766885A-5878-4CBB-AB4E-AA7C973208ED}.Release|x64.ActiveCfg = Release|x64
		{C766885A-5878-4CBB-AB4E-AA7C973208ED}.Release|x64.Build.0 = Release|x64
		{C766885A-5878-4CBB-AB4E-AA7C973208ED}.Release|x86.ActiveCfg = Release|Win32
		{C766885A-5878-4CBB-AB4E-AA7C973208ED}.Release|x86.Build.0 = Release|Win32
		{186B32C0-631C-46EE-A751-C1D68ECAA9DE}.Debug|x64.ActiveCfg = Debug|x64
		{186B32C0-631C-46EE-A751-C1D68ECAA9DE}.Debug|x64.Build.0 = Debug|x64
		{186B32C0-631C-46EE-A751-C1D68ECAA9DE}.Debug|x86.ActiveCfg = Debug|Win32
		{186B32C0-631C-46EE-A751-C1D68ECAA9DE}.Debug|x86.Build.0 = Debug|Win32
		{186B32C0-631C-46EE-A751-C1D68ECAA9DE}.Release|x64.ActiveCfg = Release|x64
		{186B32C0-631C-46EE-A751-C1D68ECAA9DE}.Release|x64.Build.0 = Release|x64
		{186B32C0-631C-46EE-A751-C1D68ECAA9DE}.Release|x86.ActiveCfg = Release|Win32
		{186B32C0-631C-46EE-A751-C1D68ECAA9DE}.Release|x86.Build.0 = Release|Win32
		{4CF2B640-6586-4328-B1D8-F87A54EE5B28}.Debug|x64.ActiveCfg = Debug|x64
		{4CF2B640-6586-4328-B1D8-F87A54EE5B28}.Debug|x64.Build.0 = Debug|x64
		{4CF2B640-6586-4328-B1D8-F87A54EE5B28}.Debug|x86.ActiveCfg = Debug|Win32
		{4CF2B640-6586-4328-B1D8-F87A54EE5B28}.Debug|x86.Build.0 = Debug|Win32
		{4CF2B640-6586-4328-B1D8-F87A54EE5B28}.Release|x64.ActiveCfg = Release|x64
		{4CF2B640-6586-4328-B1D8-F87A54EE5B28}.Release|x64.Build.0 = Release|x64
		{4CF2B640-6586-4328-B1D8-F87A54EE5B28}.Release|x86.ActiveCfg = Release|Win32
		{4CF2B640-6586-4328-B1D8-F87A54EE5B28}.Release|x86.Build.0 = Release|Win32
	EndGlobalSection
	GlobalSection(SolutionProperties) = preSolution
		HideSolutionNode = FALSE
	EndGlobalSection
	GlobalSection(ExtensibilityGlobals) = postSolution
		SolutionGuid = {0C2F2634-382C-4BAE-B0EA-7B5D8B9F5CC6}
	EndGlobalSection
EndGlobal
